
Microsoft Visual Studio Solution File, Format Version 12.00
# Visual Studio 2012
Project("{FAE04EC0-301F-11D3-BF4B-00C04F79EFBC}") = "WebMail", "WebMail\WebMail.csproj", "{B1FE9731-98AF-4F38-BEE9-8C797F2C720C}"
EndProject
Global
	GlobalSection(SolutionConfigurationPlatforms) = preSolution
		Debug|Any CPU = Debug|Any CPU
		Release|Any CPU = Release|Any CPU
	EndGlobalSection
	GlobalSection(ProjectConfigurationPlatforms) = postSolution
		{B1FE9731-98AF-4F38-BEE9-8C797F2C720C}.Debug|Any CPU.ActiveCfg = Debug|Any CPU
		{B1FE9731-98AF-4F38-BEE9-8C797F2C720C}.Debug|Any CPU.Build.0 = Debug|Any CPU
		{B1FE9731-98AF-4F38-BEE9-8C797F2C720C}.Release|Any CPU.ActiveCfg = Release|Any CPU
		{B1FE9731-98AF-4F38-BEE9-8C797F2C720C}.Release|Any CPU.Build.0 = Release|Any CPU
	EndGlobalSection
	GlobalSection(SolutionProperties) = preSolution
		HideSolutionNode = FALSE
	EndGlobalSection
EndGlobal
